<?xml version="1.0" encoding="utf-8"?>
<Project ToolsVersion="4.0" xmlns="http://schemas.microsoft.com/developer/msbuild/2003">
  <ItemGroup>
    <Filter Include="Quelldateien">
      <UniqueIdentifier>{4FC737F1-C7A5-4376-A066-2A32D752A2FF}</UniqueIdentifier>
      <Extensions>cpp;c;cc;cxx;def;odl;idl;hpj;bat;asm;asmx</Extensions>
    </Filter>
    <Filter Include="Headerdateien">
      <UniqueIdentifier>{93995380-89BD-4b04-88EB-625FBE52EBFB}</UniqueIdentifier>
      <Extensions>h;hpp;hxx;hm;inl;inc;xsd</Extensions>
    </Filter>
    <Filter Include="Ressourcendateien">
      <UniqueIdentifier>{67DA6AB6-F800-4c08-8B7A-83BB121AAD01}</UniqueIdentifier>
      <Extensions>rc;ico;cur;bmp;dlg;rc2;rct;bin;rgs;gif;jpg;jpeg;jpe;resx;tiff;tif;png;wav;mfcribbon-ms</Extensions>
    </Filter>
  </ItemGroup>
  <ItemGroup>
    <ClInclude Include="..\..\Common\sharedStructures.h">
      <Filter>Headerdateien</Filter>
    </ClInclude>
    <ClInclude Include="..\..\Common\typeDefs.h">
      <Filter>Headerdateien</Filter>
    </ClInclude>
    <ClInclude Include="commonChannel.h">
      <Filter>Headerdateien</Filter>
    </ClInclude>
    <ClInclude Include="dataTest.h">
      <Filter>Headerdateien</Filter>
    </ClInclude>
    <ClInclude Include="operatorTest.h">
      <Filter>Headerdateien</Filter>
    </ClInclude>
    <ClInclude Include="addressTest.h">
      <Filter>Headerdateien</Filter>
    </ClInclude>
    <ClInclude Include="saturateTest_real.h">
      <Filter>Headerdateien</Filter>
    </ClInclude>
    <ClInclude Include="functions_ROITest.h">
      <Filter>Headerdateien</Filter>
    </ClInclude>
    <ClInclude Include="complexDataTest.h">
      <Filter>Headerdateien</Filter>
    </ClInclude>
    <ClInclude Include="dataObjectTag_Test.h">
      <Filter>Headerdateien</Filter>
    </ClInclude>
    <ClInclude Include="saturatetest_real1.h">
      <Filter>Headerdateien</Filter>
    </ClInclude>
    <ClInclude Include="dataobjecttagtype_test.h">
      <Filter>Headerdateien</Filter>
    </ClInclude>
  </ItemGroup>
  <ItemGroup>
    <ClCompile Include="..\..\Common\sharedStructures.cpp">
      <Filter>Quelldateien</Filter>
    </ClCompile>
    <ClCompile Include="test_dataobject.cpp">
      <Filter>Quelldateien</Filter>
    </ClCompile>
    <ClCompile Include="main.cpp">
      <Filter>Quelldateien</Filter>
    </ClCompile>
    <ClCompile Include="test.cpp">
      <Filter>Quelldateien</Filter>
    </ClCompile>
    <ClCompile Include="getDataType_Test.cpp">
      <Filter>Quelldateien</Filter>
    </ClCompile>
    <ClCompile Include="dimsAndtype_Test.cpp">
      <Filter>Quelldateien</Filter>
    </ClCompile>
    <ClCompile Include="miscellaneous.cpp">
      <Filter>Quelldateien</Filter>
    </ClCompile>
    <ClCompile Include="DObj_copy_tests.cpp">
      <Filter>Quelldateien</Filter>
    </ClCompile>
    <ClCompile Include="DObj_cpy_test1.cpp">
      <Filter>Quelldateien</Filter>
    </ClCompile>
    <ClCompile Include="adjustROI_func_test.cpp">
      <Filter>Quelldateien</Filter>
    </ClCompile>
    <ClCompile Include="at_func_test.cpp">
      <Filter>Quelldateien</Filter>
    </ClCompile>
  </ItemGroup>
</Project>