<?xml version="1.0" encoding="utf-8"?>
<Project ToolsVersion="4.0" xmlns="http://schemas.microsoft.com/developer/msbuild/2003">
  <ItemGroup>
    <Filter Include="Source Files">
      <UniqueIdentifier>{4FC737F1-C7A5-4376-A066-2A32D752A2FF}</UniqueIdentifier>
      <Extensions>cpp;c;cc;cxx;def;odl;idl;hpj;bat;asm;asmx</Extensions>
    </Filter>
    <Filter Include="Header Files">
      <UniqueIdentifier>{93995380-89BD-4b04-88EB-625FBE52EBFB}</UniqueIdentifier>
      <Extensions>h;hpp;hxx;hm;inl;inc;xsd</Extensions>
    </Filter>
    <Filter Include="Resource Files">
      <UniqueIdentifier>{67DA6AB6-F800-4c08-8B7A-83BB121AAD01}</UniqueIdentifier>
      <Extensions>qrc;rc;ico;cur;bmp;dlg;rc2;rct;bin;rgs;gif;jpg;jpeg;jpe;resx;tiff;tif;png;wav</Extensions>
    </Filter>
    <Filter Include="Moc">
      <UniqueIdentifier>{5234f7b8-f215-4766-a901-d0ede47e598d}</UniqueIdentifier>
      <Extensions>cpp</Extensions>
    </Filter>
    <Filter Include="Forms">
      <UniqueIdentifier>{dcdfa6a2-bee9-4cc5-a37d-e62556b01dee}</UniqueIdentifier>
      <Extensions>ui</Extensions>
    </Filter>
  </ItemGroup>
  <ItemGroup>
    <ClCompile Include="CustomTypes.cpp">
      <Filter>Source Files</Filter>
    </ClCompile>
    <ClCompile Include="main.cpp">
      <Filter>Source Files</Filter>
    </ClCompile>
    <ClCompile Include="SampleApp.cpp">
      <Filter>Source Files</Filter>
    </ClCompile>
    <ClCompile Include="TestClass.cpp">
      <Filter>Source Files</Filter>
    </ClCompile>
    <ClCompile Include="TestSubClass.cpp">
      <Filter>Source Files</Filter>
    </ClCompile>
    <ClCompile Include="Vec3fProperty.cpp">
      <Filter>Source Files</Filter>
    </ClCompile>
    <ClCompile Include="moc_SampleApp.cpp">
      <Filter>Moc</Filter>
    </ClCompile>
    <ClCompile Include="moc_TestClass.cpp">
      <Filter>Moc</Filter>
    </ClCompile>
    <ClCompile Include="moc_TestSubClass.cpp">
      <Filter>Moc</Filter>
    </ClCompile>
    <ClCompile Include="moc_Vec3fProperty.cpp">
      <Filter>Moc</Filter>
    </ClCompile>
  </ItemGroup>
  <ItemGroup>
    <ClInclude Include="CustomTypes.h">
      <Filter>Header Files</Filter>
    </ClInclude>
  </ItemGroup>
  <ItemGroup>
    <CustomBuild Include="SampleApp.h">
      <Filter>Header Files</Filter>
    </CustomBuild>
    <CustomBuild Include="TestClass.h">
      <Filter>Header Files</Filter>
    </CustomBuild>
    <CustomBuild Include="TestSubClass.h">
      <Filter>Header Files</Filter>
    </CustomBuild>
    <CustomBuild Include="Vec3fProperty.h">
      <Filter>Header Files</Filter>
    </CustomBuild>
    <CustomBuild Include="SampleApp.ui">
      <Filter>Forms</Filter>
    </CustomBuild>
  </ItemGroup>
</Project>
